
Microsoft Visual Studio Solution File, Format Version 12.00
# Visual Studio Version 16
VisualStudioVersion = 25.0.1705.1
MinimumVisualStudioVersion = 10.0.40219.1
Project("{FAE04EC0-301F-11D3-BF4B-00C04F79EFBC}") = "TicTacToe", "TicTacToe\TicTacToe.csproj", "{DD7F289C-CCB5-4034-A627-5ADB89663973}"
EndProject
Global
	GlobalSection(SolutionConfigurationPlatforms) = preSolution
		Debug|Any CPU = Debug|Any CPU
		Release|Any CPU = Release|Any CPU
	EndGlobalSection
	GlobalSection(ProjectConfigurationPlatforms) = postSolution
		{DD7F289C-CCB5-4034-A627-5ADB89663973}.Debug|Any CPU.ActiveCfg = Debug|Any CPU
		{DD7F289C-CCB5-4034-A627-5ADB89663973}.Debug|Any CPU.Build.0 = Debug|Any CPU
		{DD7F289C-CCB5-4034-A627-5ADB89663973}.Release|Any CPU.ActiveCfg = Release|Any CPU
		{DD7F289C-CCB5-4034-A627-5ADB89663973}.Release|Any CPU.Build.0 = Release|Any CPU
	EndGlobalSection
	GlobalSection(SolutionProperties) = preSolution
		HideSolutionNode = FALSE
	EndGlobalSection
	GlobalSection(ExtensibilityGlobals) = postSolution
		SolutionGuid = {34B32AF2-C33B-448E-B823-2A5981EFF36C}
	EndGlobalSection
EndGlobal
